
Microsoft Visual Studio Solution File, Format Version 12.00
# Visual Studio Version 16
VisualStudioVersion = 16.0.31515.178
MinimumVisualStudioVersion = 10.0.40219.1
Project("{FAE04EC0-301F-11D3-BF4B-00C04F79EFBC}") = "young players project trial", "young players project trial\young players project trial.csproj", "{2E63EC33-CF4B-4CFF-A59A-D0FBAC64260F}"
EndProject
Global
	GlobalSection(SolutionConfigurationPlatforms) = preSolution
		Debug|Any CPU = Debug|Any CPU
		Release|Any CPU = Release|Any CPU
	EndGlobalSection
	GlobalSection(ProjectConfigurationPlatforms) = postSolution
		{2E63EC33-CF4B-4CFF-A59A-D0FBAC64260F}.Debug|Any CPU.ActiveCfg = Debug|Any CPU
		{2E63EC33-CF4B-4CFF-A59A-D0FBAC64260F}.Debug|Any CPU.Build.0 = Debug|Any CPU
		{2E63EC33-CF4B-4CFF-A59A-D0FBAC64260F}.Release|Any CPU.ActiveCfg = Release|Any CPU
		{2E63EC33-CF4B-4CFF-A59A-D0FBAC64260F}.Release|Any CPU.Build.0 = Release|Any CPU
	EndGlobalSection
	GlobalSection(SolutionProperties) = preSolution
		HideSolutionNode = FALSE
	EndGlobalSection
	GlobalSection(ExtensibilityGlobals) = postSolution
		SolutionGuid = {C24916CF-A222-4FB1-8410-9C99138EE7C0}
	EndGlobalSection
EndGlobal
